// !$*UTF8*$!
{
	archiveVersion = 1;
	classes = {
	};
	objectVersion = 52;
	objects = {

/* Begin PBXBuildFile section */
		9620A0DC2692DBE000391687 /* AppDelegate.swift in Sources */ = {isa = PBXBuildFile; fileRef = 9620A0DB2692DBE000391687 /* AppDelegate.swift */; };
		9620A0DE2692DBE000391687 /* SceneDelegate.swift in Sources */ = {isa = PBXBuildFile; fileRef = 9620A0DD2692DBE000391687 /* SceneDelegate.swift */; };
		9620A0E02692DBE000391687 /* ViewController.swift in Sources */ = {isa = PBXBuildFile; fileRef = 9620A0DF2692DBE000391687 /* ViewController.swift */; };
		9620A0E32692DBE000391687 /* Main.storyboard in Resources */ = {isa = PBXBuildFile; fileRef = 9620A0E12692DBE000391687 /* Main.storyboard */; };
		9620A0E52692DBE100391687 /* Assets.xcassets in Resources */ = {isa = PBXBuildFile; fileRef = 9620A0E42692DBE100391687 /* Assets.xcassets */; };
		9620A0E82692DBE100391687 /* LaunchScreen.storyboard in Resources */ = {isa = PBXBuildFile; fileRef = 9620A0E62692DBE100391687 /* LaunchScreen.storyboard */; };
		9620A0F12692DD7D00391687 /* Alamofire in Frameworks */ = {isa = PBXBuildFile; productRef = 9620A0F02692DD7D00391687 /* Alamofire */; };
		9620A0F42692E27500391687 /* SwiftyJSON in Frameworks */ = {isa = PBXBuildFile; productRef = 9620A0F32692E27500391687 /* SwiftyJSON */; };
		9620A0F62693338700391687 /* ReviewTableViewController.swift in Sources */ = {isa = PBXBuildFile; fileRef = 9620A0F52693338700391687 /* ReviewTableViewController.swift */; };
		9620A0F82693556600391687 /* ReviewWriteViewController.swift in Sources */ = {isa = PBXBuildFile; fileRef = 9620A0F72693556600391687 /* ReviewWriteViewController.swift */; };
/* End PBXBuildFile section */

/* Begin PBXFileReference section */
		9620A0D82692DBE000391687 /* BookReview.app */ = {isa = PBXFileReference; explicitFileType = wrapper.application; includeInIndex = 0; path = BookReview.app; sourceTree = BUILT_PRODUCTS_DIR; };
		9620A0DB2692DBE000391687 /* AppDelegate.swift */ = {isa = PBXFileReference; lastKnownFileType = sourcecode.swift; path = AppDelegate.swift; sourceTree = "<group>"; };
		9620A0DD2692DBE000391687 /* SceneDelegate.swift */ = {isa = PBXFileReference; lastKnownFileType = sourcecode.swift; path = SceneDelegate.swift; sourceTree = "<group>"; };
		9620A0DF2692DBE000391687 /* ViewController.swift */ = {isa = PBXFileReference; lastKnownFileType = sourcecode.swift; path = ViewController.swift; sourceTree = "<group>"; };
		9620A0E22692DBE000391687 /* Base */ = {isa = PBXFileReference; lastKnownFileType = file.storyboard; name = Base; path = Base.lproj/Main.storyboard; sourceTree = "<group>"; };
		9620A0E42692DBE100391687 /* Assets.xcassets */ = {isa = PBXFileReference; lastKnownFileType = folder.assetcatalog; path = Assets.xcassets; sourceTree = "<group>"; };
		9620A0E72692DBE100391687 /* Base */ = {isa = PBXFileReference; lastKnownFileType = file.storyboard; name = Base; path = Base.lproj/LaunchScreen.storyboard; sourceTree = "<group>"; };
		9620A0E92692DBE100391687 /* Info.plist */ = {isa = PBXFileReference; lastKnownFileType = text.plist.xml; path = Info.plist; sourceTree = "<group>"; };
		9620A0F52693338700391687 /* ReviewTableViewController.swift */ = {isa = PBXFileReference; lastKnownFileType = sourcecode.swift; path = ReviewTableViewController.swift; sourceTree = "<group>"; };
		9620A0F72693556600391687 /* ReviewWriteViewController.swift */ = {isa = PBXFileReference; lastKnownFileType = sourcecode.swift; path = ReviewWriteViewController.swift; sourceTree = "<group>"; };
/* End PBXFileReference section */

/* Begin PBXFrameworksBuildPhase section */
		9620A0D52692DBE000391687 /* Frameworks */ = {
			isa = PBXFrameworksBuildPhase;
			buildActionMask = 2147483647;
			files = (
				9620A0F42692E27500391687 /* SwiftyJSON in Frameworks */,
				9620A0F12692DD7D00391687 /* Alamofire in Frameworks */,
			);
			runOnlyForDeploymentPostprocessing = 0;
		};
/* End PBXFrameworksBuildPhase section */

/* Begin PBXGroup section */
		9620A0CF2692DBE000391687 = {
			isa = PBXGroup;
			children = (
				9620A0DA2692DBE000391687 /* BookReview */,
				9620A0D92692DBE000391687 /* Products */,
			);
			sourceTree = "<group>";
		};
		9620A0D92692DBE000391687 /* Products */ = {
			isa = PBXGroup;
			children = (
				9620A0D82692DBE000391687 /* BookReview.app */,
			);
			name = Products;
			sourceTree = "<group>";
		};
		9620A0DA2692DBE000391687 /* BookReview */ = {
			isa = PBXGroup;
			children = (
				9620A0DB2692DBE000391687 /* AppDelegate.swift */,
				9620A0DD2692DBE000391687 /* SceneDelegate.swift */,
				9620A0DF2692DBE000391687 /* ViewController.swift */,
				9620A0E12692DBE000391687 /* Main.storyboard */,
				9620A0E42692DBE100391687 /* Assets.xcassets */,
				9620A0E62692DBE100391687 /* LaunchScreen.storyboard */,
				9620A0E92692DBE100391687 /* Info.plist */,
				9620A0F52693338700391687 /* ReviewTableViewController.swift */,
				9620A0F72693556600391687 /* ReviewWriteViewController.swift */,
			);
			path = BookReview;
			sourceTree = "<group>";
		};
/* End PBXGroup section */

/* Begin PBXNativeTarget section */
		9620A0D72692DBE000391687 /* BookReview */ = {
			isa = PBXNativeTarget;
			buildConfigurationList = 9620A0EC2692DBE100391687 /* Build configuration list for PBXNativeTarget "BookReview" */;
			buildPhases = (
				9620A0D42692DBE000391687 /* Sources */,
				9620A0D52692DBE000391687 /* Frameworks */,
				9620A0D62692DBE000391687 /* Resources */,
			);
			buildRules = (
			);
			dependencies = (
			);
			name = BookReview;
			packageProductDependencies = (
				9620A0F02692DD7D00391687 /* Alamofire */,
				9620A0F32692E27500391687 /* SwiftyJSON */,
			);
			productName = BookReview;
			productReference = 9620A0D82692DBE000391687 /* BookReview.app */;
			productType = "com.apple.product-type.application";
		};
/* End PBXNativeTarget section */

/* Begin PBXProject section */
		9620A0D02692DBE000391687 /* Project object */ = {
			isa = PBXProject;
			attributes = {
				LastSwiftUpdateCheck = 1250;
				LastUpgradeCheck = 1250;
				TargetAttributes = {
					9620A0D72692DBE000391687 = {
						CreatedOnToolsVersion = 12.5.1;
					};
				};
			};
			buildConfigurationList = 9620A0D32692DBE000391687 /* Build configuration list for PBXProject "BookReview" */;
			compatibilityVersion = "Xcode 9.3";
			developmentRegion = en;
			hasScannedForEncodings = 0;
			knownRegions = (
				en,
				Base,
			);
			mainGroup = 9620A0CF2692DBE000391687;
			packageReferences = (
				9620A0EF2692DD7D00391687 /* XCRemoteSwiftPackageReference "Alamofire" */,
				9620A0F22692E27500391687 /* XCRemoteSwiftPackageReference "SwiftyJSON" */,
			);
			productRefGroup = 9620A0D92692DBE000391687 /* Products */;
			projectDirPath = "";
			projectRoot = "";
			targets = (
				9620A0D72692DBE000391687 /* BookReview */,
			);
		};
/* End PBXProject section */

/* Begin PBXResourcesBuildPhase section */
		9620A0D62692DBE000391687 /* Resources */ = {
			isa = PBXResourcesBuildPhase;
			buildActionMask = 2147483647;
			files = (
				9620A0E82692DBE100391687 /* LaunchScreen.storyboard in Resources */,
				9620A0E52692DBE100391687 /* Assets.xcassets in Resources */,
				9620A0E32692DBE000391687 /* Main.storyboard in Resources */,
			);
			runOnlyForDeploymentPostprocessing = 0;
		};
/* End PBXResourcesBuildPhase section */

/* Begin PBXSourcesBuildPhase section */
		9620A0D42692DBE000391687 /* Sources */ = {
			isa = PBXSourcesBuildPhase;
			buildActionMask = 2147483647;
			files = (
				9620A0E02692DBE000391687 /* ViewController.swift in Sources */,
				9620A0DC2692DBE000391687 /* AppDelegate.swift in Sources */,
				9620A0F82693556600391687 /* ReviewWriteViewController.swift in Sources */,
				9620A0DE2692DBE000391687 /* SceneDelegate.swift in Sources */,
				9620A0F62693338700391687 /* ReviewTableViewController.swift in Sources */,
			);
			runOnlyForDeploymentPostprocessing = 0;
		};
/* End PBXSourcesBuildPhase section */

/* Begin PBXVariantGroup section */
		9620A0E12692DBE000391687 /* Main.storyboard */ = {
			isa = PBXVariantGroup;
			children = (
				9620A0E22692DBE000391687 /* Base */,
			);
			name = Main.storyboard;
			sourceTree = "<group>";
		};
		9620A0E62692DBE100391687 /* LaunchScreen.storyboard */ = {
			isa = PBXVariantGroup;
			children = (
				9620A0E72692DBE100391687 /* Base */,
			);
			name = LaunchScreen.storyboard;
			sourceTree = "<group>";
		};
/* End PBXVariantGroup section */

/* Begin XCBuildConfiguration section */
		9620A0EA2692DBE100391687 /* Debug */ = {
			isa = XCBuildConfiguration;
			buildSettings = {
				ALWAYS_SEARCH_USER_PATHS = NO;
				CLANG_ANALYZER_NONNULL = YES;
				CLANG_ANALYZER_NUMBER_OBJECT_CONVERSION = YES_AGGRESSIVE;
				CLANG_CXX_LANGUAGE_STANDARD = "gnu++14";
				CLANG_CXX_LIBRARY = "libc++";
				CLANG_ENABLE_MODULES = YES;
				CLANG_ENABLE_OBJC_ARC = YES;
				CLANG_ENABLE_OBJC_WEAK = YES;
				CLANG_WARN_BLOCK_CAPTURE_AUTORELEASING = YES;
				CLANG_WARN_BOOL_CONVERSION = YES;
				CLANG_WARN_COMMA = YES;
				CLANG_WARN_CONSTANT_CONVERSION = YES;
				CLANG_WARN_DEPRECATED_OBJC_IMPLEMENTATIONS = YES;
				CLANG_WARN_DIRECT_OBJC_ISA_USAGE = YES_ERROR;
				CLANG_WARN_DOCUMENTATION_COMMENTS = YES;
				CLANG_WARN_EMPTY_BODY = YES;
				CLANG_WARN_ENUM_CONVERSION = YES;
				CLANG_WARN_INFINITE_RECURSION = YES;
				CLANG_WARN_INT_CONVERSION = YES;
				CLANG_WARN_NON_LITERAL_NULL_CONVERSION = YES;
				CLANG_WARN_OBJC_IMPLICIT_RETAIN_SELF = YES;
				CLANG_WARN_OBJC_LITERAL_CONVERSION = YES;
				CLANG_WARN_OBJC_ROOT_CLASS = YES_ERROR;
				CLANG_WARN_QUOTED_INCLUDE_IN_FRAMEWORK_HEADER = YES;
				CLANG_WARN_RANGE_LOOP_ANALYSIS = YES;
				CLANG_WARN_STRICT_PROTOTYPES = YES;
				CLANG_WARN_SUSPICIOUS_MOVE = YES;
				CLANG_WARN_UNGUARDED_AVAILABILITY = YES_AGGRESSIVE;
				CLANG_WARN_UNREACHABLE_CODE = YES;
				CLANG_WARN__DUPLICATE_METHOD_MATCH = YES;
				COPY_PHASE_STRIP = NO;
				DEBUG_INFORMATION_FORMAT = dwarf;
				ENABLE_STRICT_OBJC_MSGSEND = YES;
				ENABLE_TESTABILITY = YES;
				GCC_C_LANGUAGE_STANDARD = gnu11;
				GCC_DYNAMIC_NO_PIC = NO;
				GCC_NO_COMMON_BLOCKS = YES;
				GCC_OPTIMIZATION_LEVEL = 0;
				GCC_PREPROCESSOR_DEFINITIONS = (
					"DEBUG=1",
					"$(inherited)",
				);
				GCC_WARN_64_TO_32_BIT_CONVERSION = YES;
				GCC_WARN_ABOUT_RETURN_TYPE = YES_ERROR;
				GCC_WARN_UNDECLARED_SELECTOR = YES;
				GCC_WARN_UNINITIALIZED_AUTOS = YES_AGGRESSIVE;
				GCC_WARN_UNUSED_FUNCTION = YES;
				GCC_WARN_UNUSED_VARIABLE = YES;
				IPHONEOS_DEPLOYMENT_TARGET = 14.5;
				MTL_ENABLE_DEBUG_INFO = INCLUDE_SOURCE;
				MTL_FAST_MATH = YES;
				ONLY_ACTIVE_ARCH = YES;
				SDKROOT = iphoneos;
				SWIFT_ACTIVE_COMPILATION_CONDITIONS = DEBUG;
				SWIFT_OPTIMIZATION_LEVEL = "-Onone";
			};
			name = Debug;
		};
		9620A0EB2692DBE100391687 /* Release */ = {
			isa = XCBuildConfiguration;
			buildSettings = {
				ALWAYS_SEARCH_USER_PATHS = NO;
				CLANG_ANALYZER_NONNULL = YES;
				CLANG_ANALYZER_NUMBER_OBJECT_CONVERSION = YES_AGGRESSIVE;
				CLANG_CXX_LANGUAGE_STANDARD = "gnu++14";
				CLANG_CXX_LIBRARY = "libc++";
				CLANG_ENABLE_MODULES = YES;
				CLANG_ENABLE_OBJC_ARC = YES;
				CLANG_ENABLE_OBJC_WEAK = YES;
				CLANG_WARN_BLOCK_CAPTURE_AUTORELEASING = YES;
				CLANG_WARN_BOOL_CONVERSION = YES;
				CLANG_WARN_COMMA = YES;
				CLANG_WARN_CONSTANT_CONVERSION = YES;
				CLANG_WARN_DEPRECATED_OBJC_IMPLEMENTATIONS = YES;
				CLANG_WARN_DIRECT_OBJC_ISA_USAGE = YES_ERROR;
				CLANG_WARN_DOCUMENTATION_COMMENTS = YES;
				CLANG_WARN_EMPTY_BODY = YES;
				CLANG_WARN_ENUM_CONVERSION = YES;
				CLANG_WARN_INFINITE_RECURSION = YES;
				CLANG_WARN_INT_CONVERSION = YES;
				CLANG_WARN_NON_LITERAL_NULL_CONVERSION = YES;
				CLANG_WARN_OBJC_IMPLICIT_RETAIN_SELF = YES;
				CLANG_WARN_OBJC_LITERAL_CONVERSION = YES;
				CLANG_WARN_OBJC_ROOT_CLASS = YES_ERROR;
				CLANG_WARN_QUOTED_INCLUDE_IN_FRAMEWORK_HEADER = YES;
				CLANG_WARN_RANGE_LOOP_ANALYSIS = YES;
				CLANG_WARN_STRICT_PROTOTYPES = YES;
				CLANG_WARN_SUSPICIOUS_MOVE = YES;
				CLANG_WARN_UNGUARDED_AVAILABILITY = YES_AGGRESSIVE;
				CLANG_WARN_UNREACHABLE_CODE = YES;
				CLANG_WARN__DUPLICATE_METHOD_MATCH = YES;
				COPY_PHASE_STRIP = NO;
				DEBUG_INFORMATION_FORMAT = "dwarf-with-dsym";
				ENABLE_NS_ASSERTIONS = NO;
				ENABLE_STRICT_OBJC_MSGSEND = YES;
				GCC_C_LANGUAGE_STANDARD = gnu11;
				GCC_NO_COMMON_BLOCKS = YES;
				GCC_WARN_64_TO_32_BIT_CONVERSION = YES;
				GCC_WARN_ABOUT_RETURN_TYPE = YES_ERROR;
				GCC_WARN_UNDECLARED_SELECTOR = YES;
				GCC_WARN_UNINITIALIZED_AUTOS = YES_AGGRESSIVE;
				GCC_WARN_UNUSED_FUNCTION = YES;
				GCC_WARN_UNUSED_VARIABLE = YES;
				IPHONEOS_DEPLOYMENT_TARGET = 14.5;
				MTL_ENABLE_DEBUG_INFO = NO;
				MTL_FAST_MATH = YES;
				SDKROOT = iphoneos;
				SWIFT_COMPILATION_MODE = wholemodule;
				SWIFT_OPTIMIZATION_LEVEL = "-O";
				VALIDATE_PRODUCT = YES;
			};
			name = Release;
		};
		9620A0ED2692DBE100391687 /* Debug */ = {
			isa = XCBuildConfiguration;
			buildSettings = {
				ASSETCATALOG_COMPILER_APPICON_NAME = AppIcon;
				ASSETCATALOG_COMPILER_GLOBAL_ACCENT_COLOR_NAME = AccentColor;
				CODE_SIGN_STYLE = Automatic;
				DEVELOPMENT_TEAM = M79928L8PF;
				INFOPLIST_FILE = BookReview/Info.plist;
				LD_RUNPATH_SEARCH_PATHS = (
					"$(inherited)",
					"@executable_path/Frameworks",
				);
				PRODUCT_BUNDLE_IDENTIFIER = com.dangdang.BookReview;
				PRODUCT_NAME = "$(TARGET_NAME)";
				SWIFT_VERSION = 5.0;
				TARGETED_DEVICE_FAMILY = "1,2";
			};
			name = Debug;
		};
		9620A0EE2692DBE100391687 /* Release */ = {
			isa = XCBuildConfiguration;
			buildSettings = {
				ASSETCATALOG_COMPILER_APPICON_NAME = AppIcon;
				ASSETCATALOG_COMPILER_GLOBAL_ACCENT_COLOR_NAME = AccentColor;
				CODE_SIGN_STYLE = Automatic;
				DEVELOPMENT_TEAM = M79928L8PF;
				INFOPLIST_FILE = BookReview/Info.plist;
				LD_RUNPATH_SEARCH_PATHS = (
					"$(inherited)",
					"@executable_path/Frameworks",
				);
				PRODUCT_BUNDLE_IDENTIFIER = com.dangdang.BookReview;
				PRODUCT_NAME = "$(TARGET_NAME)";
				SWIFT_VERSION = 5.0;
				TARGETED_DEVICE_FAMILY = "1,2";
			};
			name = Release;
		};
/* End XCBuildConfiguration section */

/* Begin XCConfigurationList section */
		9620A0D32692DBE000391687 /* Build configuration list for PBXProject "BookReview" */ = {
			isa = XCConfigurationList;
			buildConfigurations = (
				9620A0EA2692DBE100391687 /* Debug */,
				9620A0EB2692DBE100391687 /* Release */,
			);
			defaultConfigurationIsVisible = 0;
			defaultConfigurationName = Release;
		};
		9620A0EC2692DBE100391687 /* Build configuration list for PBXNativeTarget "BookReview" */ = {
			isa = XCConfigurationList;
			buildConfigurations = (
				9620A0ED2692DBE100391687 /* Debug */,
				9620A0EE2692DBE100391687 /* Release */,
			);
			defaultConfigurationIsVisible = 0;
			defaultConfigurationName = Release;
		};
/* End XCConfigurationList section */

/* Begin XCRemoteSwiftPackageReference section */
		9620A0EF2692DD7D00391687 /* XCRemoteSwiftPackageReference "Alamofire" */ = {
			isa = XCRemoteSwiftPackageReference;
			repositoryURL = "https://github.com/Alamofire/Alamofire.git";
			requirement = {
				kind = upToNextMajorVersion;
				minimumVersion = 5.4.3;
			};
		};
		9620A0F22692E27500391687 /* XCRemoteSwiftPackageReference "SwiftyJSON" */ = {
			isa = XCRemoteSwiftPackageReference;
			repositoryURL = "https://github.com/SwiftyJSON/SwiftyJSON.git";
			requirement = {
				kind = upToNextMajorVersion;
				minimumVersion = 5.0.1;
			};
		};
/* End XCRemoteSwiftPackageReference section */

/* Begin XCSwiftPackageProductDependency section */
		9620A0F02692DD7D00391687 /* Alamofire */ = {
			isa = XCSwiftPackageProductDependency;
			package = 9620A0EF2692DD7D00391687 /* XCRemoteSwiftPackageReference "Alamofire" */;
			productName = Alamofire;
		};
		9620A0F32692E27500391687 /* SwiftyJSON */ = {
			isa = XCSwiftPackageProductDependency;
			package = 9620A0F22692E27500391687 /* XCRemoteSwiftPackageReference "SwiftyJSON" */;
			productName = SwiftyJSON;
		};
/* End XCSwiftPackageProductDependency section */
	};
	rootObject = 9620A0D02692DBE000391687 /* Project object */;
}
