// !$*UTF8*$!
{
	archiveVersion = 1;
	classes = {
	};
	objectVersion = 55;
	objects = {

/* Begin PBXBuildFile section */
		9636685A27AD40A400354E25 /* uipracticeApp.swift in Sources */ = {isa = PBXBuildFile; fileRef = 9636685927AD40A400354E25 /* uipracticeApp.swift */; };
		9636685C27AD40A400354E25 /* ContentView.swift in Sources */ = {isa = PBXBuildFile; fileRef = 9636685B27AD40A400354E25 /* ContentView.swift */; };
		9636685E27AD40A700354E25 /* Assets.xcassets in Resources */ = {isa = PBXBuildFile; fileRef = 9636685D27AD40A700354E25 /* Assets.xcassets */; };
		9636686127AD40A700354E25 /* Preview Assets.xcassets in Resources */ = {isa = PBXBuildFile; fileRef = 9636686027AD40A700354E25 /* Preview Assets.xcassets */; };
		9636686A27AD4C1A00354E25 /* imagePractice.swift in Sources */ = {isa = PBXBuildFile; fileRef = 9636686927AD4C1A00354E25 /* imagePractice.swift */; };
		9636686C27AD524E00354E25 /* stacksWithSFSymbols.swift in Sources */ = {isa = PBXBuildFile; fileRef = 9636686B27AD524E00354E25 /* stacksWithSFSymbols.swift */; };
		9636687027AD626500354E25 /* stackCollabo.swift in Sources */ = {isa = PBXBuildFile; fileRef = 9636686F27AD626500354E25 /* stackCollabo.swift */; };
		9636687227AD672000354E25 /* overlayAndBackground.swift in Sources */ = {isa = PBXBuildFile; fileRef = 9636687127AD672000354E25 /* overlayAndBackground.swift */; };
/* End PBXBuildFile section */

/* Begin PBXFileReference section */
		9636685627AD40A400354E25 /* uipractice.app */ = {isa = PBXFileReference; explicitFileType = wrapper.application; includeInIndex = 0; path = uipractice.app; sourceTree = BUILT_PRODUCTS_DIR; };
		9636685927AD40A400354E25 /* uipracticeApp.swift */ = {isa = PBXFileReference; lastKnownFileType = sourcecode.swift; path = uipracticeApp.swift; sourceTree = "<group>"; };
		9636685B27AD40A400354E25 /* ContentView.swift */ = {isa = PBXFileReference; lastKnownFileType = sourcecode.swift; path = ContentView.swift; sourceTree = "<group>"; };
		9636685D27AD40A700354E25 /* Assets.xcassets */ = {isa = PBXFileReference; lastKnownFileType = folder.assetcatalog; path = Assets.xcassets; sourceTree = "<group>"; };
		9636686027AD40A700354E25 /* Preview Assets.xcassets */ = {isa = PBXFileReference; lastKnownFileType = folder.assetcatalog; path = "Preview Assets.xcassets"; sourceTree = "<group>"; };
		9636686927AD4C1A00354E25 /* imagePractice.swift */ = {isa = PBXFileReference; lastKnownFileType = sourcecode.swift; path = imagePractice.swift; sourceTree = "<group>"; };
		9636686B27AD524E00354E25 /* stacksWithSFSymbols.swift */ = {isa = PBXFileReference; lastKnownFileType = sourcecode.swift; path = stacksWithSFSymbols.swift; sourceTree = "<group>"; };
		9636686F27AD626500354E25 /* stackCollabo.swift */ = {isa = PBXFileReference; lastKnownFileType = sourcecode.swift; path = stackCollabo.swift; sourceTree = "<group>"; };
		9636687127AD672000354E25 /* overlayAndBackground.swift */ = {isa = PBXFileReference; lastKnownFileType = sourcecode.swift; path = overlayAndBackground.swift; sourceTree = "<group>"; };
/* End PBXFileReference section */

/* Begin PBXFrameworksBuildPhase section */
		9636685327AD40A400354E25 /* Frameworks */ = {
			isa = PBXFrameworksBuildPhase;
			buildActionMask = 2147483647;
			files = (
			);
			runOnlyForDeploymentPostprocessing = 0;
		};
/* End PBXFrameworksBuildPhase section */

/* Begin PBXGroup section */
		9636684D27AD40A400354E25 = {
			isa = PBXGroup;
			children = (
				9636685827AD40A400354E25 /* uipractice */,
				9636685727AD40A400354E25 /* Products */,
			);
			sourceTree = "<group>";
		};
		9636685727AD40A400354E25 /* Products */ = {
			isa = PBXGroup;
			children = (
				9636685627AD40A400354E25 /* uipractice.app */,
			);
			name = Products;
			sourceTree = "<group>";
		};
		9636685827AD40A400354E25 /* uipractice */ = {
			isa = PBXGroup;
			children = (
				9636685927AD40A400354E25 /* uipracticeApp.swift */,
				9636685B27AD40A400354E25 /* ContentView.swift */,
				9636686927AD4C1A00354E25 /* imagePractice.swift */,
				9636686B27AD524E00354E25 /* stacksWithSFSymbols.swift */,
				9636686F27AD626500354E25 /* stackCollabo.swift */,
				9636687127AD672000354E25 /* overlayAndBackground.swift */,
				9636685D27AD40A700354E25 /* Assets.xcassets */,
				9636685F27AD40A700354E25 /* Preview Content */,
			);
			path = uipractice;
			sourceTree = "<group>";
		};
		9636685F27AD40A700354E25 /* Preview Content */ = {
			isa = PBXGroup;
			children = (
				9636686027AD40A700354E25 /* Preview Assets.xcassets */,
			);
			path = "Preview Content";
			sourceTree = "<group>";
		};
/* End PBXGroup section */

/* Begin PBXNativeTarget section */
		9636685527AD40A400354E25 /* uipractice */ = {
			isa = PBXNativeTarget;
			buildConfigurationList = 9636686427AD40A700354E25 /* Build configuration list for PBXNativeTarget "uipractice" */;
			buildPhases = (
				9636685227AD40A400354E25 /* Sources */,
				9636685327AD40A400354E25 /* Frameworks */,
				9636685427AD40A400354E25 /* Resources */,
			);
			buildRules = (
			);
			dependencies = (
			);
			name = uipractice;
			productName = uipractice;
			productReference = 9636685627AD40A400354E25 /* uipractice.app */;
			productType = "com.apple.product-type.application";
		};
/* End PBXNativeTarget section */

/* Begin PBXProject section */
		9636684E27AD40A400354E25 /* Project object */ = {
			isa = PBXProject;
			attributes = {
				BuildIndependentTargetsInParallel = 1;
				LastSwiftUpdateCheck = 1320;
				LastUpgradeCheck = 1320;
				TargetAttributes = {
					9636685527AD40A400354E25 = {
						CreatedOnToolsVersion = 13.2.1;
					};
				};
			};
			buildConfigurationList = 9636685127AD40A400354E25 /* Build configuration list for PBXProject "uipractice" */;
			compatibilityVersion = "Xcode 13.0";
			developmentRegion = en;
			hasScannedForEncodings = 0;
			knownRegions = (
				en,
				Base,
			);
			mainGroup = 9636684D27AD40A400354E25;
			productRefGroup = 9636685727AD40A400354E25 /* Products */;
			projectDirPath = "";
			projectRoot = "";
			targets = (
				9636685527AD40A400354E25 /* uipractice */,
			);
		};
/* End PBXProject section */

/* Begin PBXResourcesBuildPhase section */
		9636685427AD40A400354E25 /* Resources */ = {
			isa = PBXResourcesBuildPhase;
			buildActionMask = 2147483647;
			files = (
				9636686127AD40A700354E25 /* Preview Assets.xcassets in Resources */,
				9636685E27AD40A700354E25 /* Assets.xcassets in Resources */,
			);
			runOnlyForDeploymentPostprocessing = 0;
		};
/* End PBXResourcesBuildPhase section */

/* Begin PBXSourcesBuildPhase section */
		9636685227AD40A400354E25 /* Sources */ = {
			isa = PBXSourcesBuildPhase;
			buildActionMask = 2147483647;
			files = (
				9636687227AD672000354E25 /* overlayAndBackground.swift in Sources */,
				9636685C27AD40A400354E25 /* ContentView.swift in Sources */,
				9636686A27AD4C1A00354E25 /* imagePractice.swift in Sources */,
				9636685A27AD40A400354E25 /* uipracticeApp.swift in Sources */,
				9636686C27AD524E00354E25 /* stacksWithSFSymbols.swift in Sources */,
				9636687027AD626500354E25 /* stackCollabo.swift in Sources */,
			);
			runOnlyForDeploymentPostprocessing = 0;
		};
/* End PBXSourcesBuildPhase section */

/* Begin XCBuildConfiguration section */
		9636686227AD40A700354E25 /* Debug */ = {
			isa = XCBuildConfiguration;
			buildSettings = {
				ALWAYS_SEARCH_USER_PATHS = NO;
				CLANG_ANALYZER_NONNULL = YES;
				CLANG_ANALYZER_NUMBER_OBJECT_CONVERSION = YES_AGGRESSIVE;
				CLANG_CXX_LANGUAGE_STANDARD = "gnu++17";
				CLANG_CXX_LIBRARY = "libc++";
				CLANG_ENABLE_MODULES = YES;
				CLANG_ENABLE_OBJC_ARC = YES;
				CLANG_ENABLE_OBJC_WEAK = YES;
				CLANG_WARN_BLOCK_CAPTURE_AUTORELEASING = YES;
				CLANG_WARN_BOOL_CONVERSION = YES;
				CLANG_WARN_COMMA = YES;
				CLANG_WARN_CONSTANT_CONVERSION = YES;
				CLANG_WARN_DEPRECATED_OBJC_IMPLEMENTATIONS = YES;
				CLANG_WARN_DIRECT_OBJC_ISA_USAGE = YES_ERROR;
				CLANG_WARN_DOCUMENTATION_COMMENTS = YES;
				CLANG_WARN_EMPTY_BODY = YES;
				CLANG_WARN_ENUM_CONVERSION = YES;
				CLANG_WARN_INFINITE_RECURSION = YES;
				CLANG_WARN_INT_CONVERSION = YES;
				CLANG_WARN_NON_LITERAL_NULL_CONVERSION = YES;
				CLANG_WARN_OBJC_IMPLICIT_RETAIN_SELF = YES;
				CLANG_WARN_OBJC_LITERAL_CONVERSION = YES;
				CLANG_WARN_OBJC_ROOT_CLASS = YES_ERROR;
				CLANG_WARN_QUOTED_INCLUDE_IN_FRAMEWORK_HEADER = YES;
				CLANG_WARN_RANGE_LOOP_ANALYSIS = YES;
				CLANG_WARN_STRICT_PROTOTYPES = YES;
				CLANG_WARN_SUSPICIOUS_MOVE = YES;
				CLANG_WARN_UNGUARDED_AVAILABILITY = YES_AGGRESSIVE;
				CLANG_WARN_UNREACHABLE_CODE = YES;
				CLANG_WARN__DUPLICATE_METHOD_MATCH = YES;
				COPY_PHASE_STRIP = NO;
				DEBUG_INFORMATION_FORMAT = dwarf;
				ENABLE_STRICT_OBJC_MSGSEND = YES;
				ENABLE_TESTABILITY = YES;
				GCC_C_LANGUAGE_STANDARD = gnu11;
				GCC_DYNAMIC_NO_PIC = NO;
				GCC_NO_COMMON_BLOCKS = YES;
				GCC_OPTIMIZATION_LEVEL = 0;
				GCC_PREPROCESSOR_DEFINITIONS = (
					"DEBUG=1",
					"$(inherited)",
				);
				GCC_WARN_64_TO_32_BIT_CONVERSION = YES;
				GCC_WARN_ABOUT_RETURN_TYPE = YES_ERROR;
				GCC_WARN_UNDECLARED_SELECTOR = YES;
				GCC_WARN_UNINITIALIZED_AUTOS = YES_AGGRESSIVE;
				GCC_WARN_UNUSED_FUNCTION = YES;
				GCC_WARN_UNUSED_VARIABLE = YES;
				IPHONEOS_DEPLOYMENT_TARGET = 15.2;
				MTL_ENABLE_DEBUG_INFO = INCLUDE_SOURCE;
				MTL_FAST_MATH = YES;
				ONLY_ACTIVE_ARCH = YES;
				SDKROOT = iphoneos;
				SWIFT_ACTIVE_COMPILATION_CONDITIONS = DEBUG;
				SWIFT_OPTIMIZATION_LEVEL = "-Onone";
			};
			name = Debug;
		};
		9636686327AD40A700354E25 /* Release */ = {
			isa = XCBuildConfiguration;
			buildSettings = {
				ALWAYS_SEARCH_USER_PATHS = NO;
				CLANG_ANALYZER_NONNULL = YES;
				CLANG_ANALYZER_NUMBER_OBJECT_CONVERSION = YES_AGGRESSIVE;
				CLANG_CXX_LANGUAGE_STANDARD = "gnu++17";
				CLANG_CXX_LIBRARY = "libc++";
				CLANG_ENABLE_MODULES = YES;
				CLANG_ENABLE_OBJC_ARC = YES;
				CLANG_ENABLE_OBJC_WEAK = YES;
				CLANG_WARN_BLOCK_CAPTURE_AUTORELEASING = YES;
				CLANG_WARN_BOOL_CONVERSION = YES;
				CLANG_WARN_COMMA = YES;
				CLANG_WARN_CONSTANT_CONVERSION = YES;
				CLANG_WARN_DEPRECATED_OBJC_IMPLEMENTATIONS = YES;
				CLANG_WARN_DIRECT_OBJC_ISA_USAGE = YES_ERROR;
				CLANG_WARN_DOCUMENTATION_COMMENTS = YES;
				CLANG_WARN_EMPTY_BODY = YES;
				CLANG_WARN_ENUM_CONVERSION = YES;
				CLANG_WARN_INFINITE_RECURSION = YES;
				CLANG_WARN_INT_CONVERSION = YES;
				CLANG_WARN_NON_LITERAL_NULL_CONVERSION = YES;
				CLANG_WARN_OBJC_IMPLICIT_RETAIN_SELF = YES;
				CLANG_WARN_OBJC_LITERAL_CONVERSION = YES;
				CLANG_WARN_OBJC_ROOT_CLASS = YES_ERROR;
				CLANG_WARN_QUOTED_INCLUDE_IN_FRAMEWORK_HEADER = YES;
				CLANG_WARN_RANGE_LOOP_ANALYSIS = YES;
				CLANG_WARN_STRICT_PROTOTYPES = YES;
				CLANG_WARN_SUSPICIOUS_MOVE = YES;
				CLANG_WARN_UNGUARDED_AVAILABILITY = YES_AGGRESSIVE;
				CLANG_WARN_UNREACHABLE_CODE = YES;
				CLANG_WARN__DUPLICATE_METHOD_MATCH = YES;
				COPY_PHASE_STRIP = NO;
				DEBUG_INFORMATION_FORMAT = "dwarf-with-dsym";
				ENABLE_NS_ASSERTIONS = NO;
				ENABLE_STRICT_OBJC_MSGSEND = YES;
				GCC_C_LANGUAGE_STANDARD = gnu11;
				GCC_NO_COMMON_BLOCKS = YES;
				GCC_WARN_64_TO_32_BIT_CONVERSION = YES;
				GCC_WARN_ABOUT_RETURN_TYPE = YES_ERROR;
				GCC_WARN_UNDECLARED_SELECTOR = YES;
				GCC_WARN_UNINITIALIZED_AUTOS = YES_AGGRESSIVE;
				GCC_WARN_UNUSED_FUNCTION = YES;
				GCC_WARN_UNUSED_VARIABLE = YES;
				IPHONEOS_DEPLOYMENT_TARGET = 15.2;
				MTL_ENABLE_DEBUG_INFO = NO;
				MTL_FAST_MATH = YES;
				SDKROOT = iphoneos;
				SWIFT_COMPILATION_MODE = wholemodule;
				SWIFT_OPTIMIZATION_LEVEL = "-O";
				VALIDATE_PRODUCT = YES;
			};
			name = Release;
		};
		9636686527AD40A700354E25 /* Debug */ = {
			isa = XCBuildConfiguration;
			buildSettings = {
				ASSETCATALOG_COMPILER_APPICON_NAME = AppIcon;
				ASSETCATALOG_COMPILER_GLOBAL_ACCENT_COLOR_NAME = AccentColor;
				CODE_SIGN_STYLE = Automatic;
				CURRENT_PROJECT_VERSION = 1;
				DEVELOPMENT_ASSET_PATHS = "\"uipractice/Preview Content\"";
				DEVELOPMENT_TEAM = M79928L8PF;
				ENABLE_PREVIEWS = YES;
				GENERATE_INFOPLIST_FILE = YES;
				INFOPLIST_KEY_UIApplicationSceneManifest_Generation = YES;
				INFOPLIST_KEY_UIApplicationSupportsIndirectInputEvents = YES;
				INFOPLIST_KEY_UILaunchScreen_Generation = YES;
				INFOPLIST_KEY_UISupportedInterfaceOrientations_iPad = "UIInterfaceOrientationPortrait UIInterfaceOrientationPortraitUpsideDown UIInterfaceOrientationLandscapeLeft UIInterfaceOrientationLandscapeRight";
				INFOPLIST_KEY_UISupportedInterfaceOrientations_iPhone = "UIInterfaceOrientationPortrait UIInterfaceOrientationLandscapeLeft UIInterfaceOrientationLandscapeRight";
				LD_RUNPATH_SEARCH_PATHS = (
					"$(inherited)",
					"@executable_path/Frameworks",
				);
				MARKETING_VERSION = 1.0;
				PRODUCT_BUNDLE_IDENTIFIER = com.future.uipractice;
				PRODUCT_NAME = "$(TARGET_NAME)";
				SWIFT_EMIT_LOC_STRINGS = YES;
				SWIFT_VERSION = 5.0;
				TARGETED_DEVICE_FAMILY = "1,2";
			};
			name = Debug;
		};
		9636686627AD40A700354E25 /* Release */ = {
			isa = XCBuildConfiguration;
			buildSettings = {
				ASSETCATALOG_COMPILER_APPICON_NAME = AppIcon;
				ASSETCATALOG_COMPILER_GLOBAL_ACCENT_COLOR_NAME = AccentColor;
				CODE_SIGN_STYLE = Automatic;
				CURRENT_PROJECT_VERSION = 1;
				DEVELOPMENT_ASSET_PATHS = "\"uipractice/Preview Content\"";
				DEVELOPMENT_TEAM = M79928L8PF;
				ENABLE_PREVIEWS = YES;
				GENERATE_INFOPLIST_FILE = YES;
				INFOPLIST_KEY_UIApplicationSceneManifest_Generation = YES;
				INFOPLIST_KEY_UIApplicationSupportsIndirectInputEvents = YES;
				INFOPLIST_KEY_UILaunchScreen_Generation = YES;
				INFOPLIST_KEY_UISupportedInterfaceOrientations_iPad = "UIInterfaceOrientationPortrait UIInterfaceOrientationPortraitUpsideDown UIInterfaceOrientationLandscapeLeft UIInterfaceOrientationLandscapeRight";
				INFOPLIST_KEY_UISupportedInterfaceOrientations_iPhone = "UIInterfaceOrientationPortrait UIInterfaceOrientationLandscapeLeft UIInterfaceOrientationLandscapeRight";
				LD_RUNPATH_SEARCH_PATHS = (
					"$(inherited)",
					"@executable_path/Frameworks",
				);
				MARKETING_VERSION = 1.0;
				PRODUCT_BUNDLE_IDENTIFIER = com.future.uipractice;
				PRODUCT_NAME = "$(TARGET_NAME)";
				SWIFT_EMIT_LOC_STRINGS = YES;
				SWIFT_VERSION = 5.0;
				TARGETED_DEVICE_FAMILY = "1,2";
			};
			name = Release;
		};
/* End XCBuildConfiguration section */

/* Begin XCConfigurationList section */
		9636685127AD40A400354E25 /* Build configuration list for PBXProject "uipractice" */ = {
			isa = XCConfigurationList;
			buildConfigurations = (
				9636686227AD40A700354E25 /* Debug */,
				9636686327AD40A700354E25 /* Release */,
			);
			defaultConfigurationIsVisible = 0;
			defaultConfigurationName = Release;
		};
		9636686427AD40A700354E25 /* Build configuration list for PBXNativeTarget "uipractice" */ = {
			isa = XCConfigurationList;
			buildConfigurations = (
				9636686527AD40A700354E25 /* Debug */,
				9636686627AD40A700354E25 /* Release */,
			);
			defaultConfigurationIsVisible = 0;
			defaultConfigurationName = Release;
		};
/* End XCConfigurationList section */
	};
	rootObject = 9636684E27AD40A400354E25 /* Project object */;
}
